
Microsoft Visual Studio Solution File, Format Version 12.00
# Visual Studio Version 16
VisualStudioVersion = 16.0.29926.136
MinimumVisualStudioVersion = 10.0.40219.1
Project("{8BC9CEB8-8B4A-11D0-8D11-00A0C91BC942}") = "Bam", "Bam\Bam.vcxproj", "{96D54E48-33D8-484F-838A-14FB2976B285}"
EndProject
Project("{8BC9CEB8-8B4A-11D0-8D11-00A0C91BC942}") = "Lua", "Lua\Lua.vcxproj", "{891B4EDC-112A-40B5-A376-722E52B9D550}"
EndProject
Global
	GlobalSection(SolutionConfigurationPlatforms) = preSolution
		Debug no -Werror|x64 = Debug no -Werror|x64
		Debug|x64 = Debug|x64
		Release|x64 = Release|x64
	EndGlobalSection
	GlobalSection(ProjectConfigurationPlatforms) = postSolution
		{96D54E48-33D8-484F-838A-14FB2976B285}.Debug no -Werror|x64.ActiveCfg = Debug no -Werror|x64
		{96D54E48-33D8-484F-838A-14FB2976B285}.Debug no -Werror|x64.Build.0 = Debug no -Werror|x64
		{96D54E48-33D8-484F-838A-14FB2976B285}.Debug|x64.ActiveCfg = Debug|x64
		{96D54E48-33D8-484F-838A-14FB2976B285}.Debug|x64.Build.0 = Debug|x64
		{96D54E48-33D8-484F-838A-14FB2976B285}.Release|x64.ActiveCfg = Release|x64
		{96D54E48-33D8-484F-838A-14FB2976B285}.Release|x64.Build.0 = Release|x64
		{891B4EDC-112A-40B5-A376-722E52B9D550}.Debug no -Werror|x64.ActiveCfg = Debug no -Werror|x64
		{891B4EDC-112A-40B5-A376-722E52B9D550}.Debug no -Werror|x64.Build.0 = Debug no -Werror|x64
		{891B4EDC-112A-40B5-A376-722E52B9D550}.Debug|x64.ActiveCfg = Debug|x64
		{891B4EDC-112A-40B5-A376-722E52B9D550}.Debug|x64.Build.0 = Debug|x64
		{891B4EDC-112A-40B5-A376-722E52B9D550}.Release|x64.ActiveCfg = Release|x64
		{891B4EDC-112A-40B5-A376-722E52B9D550}.Release|x64.Build.0 = Release|x64
	EndGlobalSection
	GlobalSection(SolutionProperties) = preSolution
		HideSolutionNode = FALSE
	EndGlobalSection
	GlobalSection(ExtensibilityGlobals) = postSolution
		SolutionGuid = {EB7FD60F-4434-4A54-8C5C-0DFCB4B69CA2}
	EndGlobalSection
EndGlobal
