<?xml version="1.0" encoding="utf-8"?>
<Project ToolsVersion="4.0" xmlns="http://schemas.microsoft.com/developer/msbuild/2003">
  <ItemGroup>
    <Filter Include="Resource Files">
      <UniqueIdentifier>{67DA6AB6-F800-4c08-8B7A-83BB121AAD01}</UniqueIdentifier>
      <Extensions>rc;ico;cur;bmp;dlg;rc2;rct;bin;rgs;gif;jpg;jpeg;jpe;resx;tiff;tif;png;wav;mfcribbon-ms</Extensions>
    </Filter>
    <Filter Include="GLWrappers">
      <UniqueIdentifier>{7258898c-4661-4ebe-be62-f5a27a27b8f5}</UniqueIdentifier>
    </Filter>
    <Filter Include="Memory">
      <UniqueIdentifier>{343ae8c2-25c5-4678-a4b9-243a1b75e36a}</UniqueIdentifier>
    </Filter>
    <Filter Include="Memory\Loaders">
      <UniqueIdentifier>{872266c1-c8d1-4437-a012-0142c7f6b161}</UniqueIdentifier>
    </Filter>
    <Filter Include="Memory\Data">
      <UniqueIdentifier>{0883e599-1791-4cde-9638-25a8d6b4ca5d}</UniqueIdentifier>
    </Filter>
    <Filter Include="Memory\Data\Stores">
      <UniqueIdentifier>{73d2bd7b-1d97-4229-b6fa-3e50105d9062}</UniqueIdentifier>
    </Filter>
    <Filter Include="Memory\Data\Resources">
      <UniqueIdentifier>{3408cc33-b516-40b1-8f1c-6b1eaab71e5c}</UniqueIdentifier>
    </Filter>
    <Filter Include="Memory\Util">
      <UniqueIdentifier>{4e83184f-bfef-4859-9ae2-8f829ea632ff}</UniqueIdentifier>
    </Filter>
    <Filter Include="Renderer">
      <UniqueIdentifier>{d2b4b622-3506-4455-8e0c-e7a15e034c74}</UniqueIdentifier>
    </Filter>
    <Filter Include="Memory\Options">
      <UniqueIdentifier>{a721e69b-d2b6-44b5-9cfa-effb2611a0c5}</UniqueIdentifier>
    </Filter>
    <Filter Include="Game">
      <UniqueIdentifier>{8ba66f3b-6227-48b1-835f-fdbdd97a8aee}</UniqueIdentifier>
    </Filter>
    <Filter Include="Game\StaticWorld">
      <UniqueIdentifier>{b12e86f8-f1a4-41cd-a02a-ae1c73762230}</UniqueIdentifier>
    </Filter>
    <Filter Include="Misc">
      <UniqueIdentifier>{bdffc8a3-099d-4f9a-875b-ac040e47031d}</UniqueIdentifier>
    </Filter>
    <Filter Include="Renderer\RenderInfo">
      <UniqueIdentifier>{1a155e98-54e5-4c66-ba2c-a22300ec777a}</UniqueIdentifier>
    </Filter>
    <Filter Include="Renderer\Shaders">
      <UniqueIdentifier>{c9a5c9eb-0128-466f-bed4-b2ffc68f9a97}</UniqueIdentifier>
    </Filter>
    <Filter Include="Game\StaticWorld\Activities">
      <UniqueIdentifier>{7595f977-ac93-4f8c-b1d9-973d439139b0}</UniqueIdentifier>
    </Filter>
    <Filter Include="Game\StaticWorld\Activities\Game Objects">
      <UniqueIdentifier>{c1747ff5-2d6a-4d71-854b-da4293829cc9}</UniqueIdentifier>
    </Filter>
    <Filter Include="Game\StaticWorld\Activities\Utils">
      <UniqueIdentifier>{02a7e6b1-78ab-435f-bacd-cc211a963a75}</UniqueIdentifier>
    </Filter>
    <Filter Include="Memory\Data\Managers">
      <UniqueIdentifier>{933b8fc8-b481-43a3-921a-70454ad798e0}</UniqueIdentifier>
    </Filter>
    <Filter Include="Memory\Data\Managers\Models">
      <UniqueIdentifier>{c24f90fe-9c3f-4bf8-a5a2-2b1a3677db18}</UniqueIdentifier>
    </Filter>
    <Filter Include="Memory\Data\Managers\Textures">
      <UniqueIdentifier>{e2e373f1-8e36-4f0d-9c49-bda34964f980}</UniqueIdentifier>
    </Filter>
    <Filter Include="Memory\Data\Managers\Game object references">
      <UniqueIdentifier>{9de46dd8-9529-456c-b833-15e5d0e10e5f}</UniqueIdentifier>
    </Filter>
    <Filter Include="Program Control">
      <UniqueIdentifier>{b710d87f-b48a-4ab6-8030-e88d25b95425}</UniqueIdentifier>
    </Filter>
    <Filter Include="Program Control\Inits">
      <UniqueIdentifier>{98751956-bee4-4d9e-9e3b-04ebfa1a815c}</UniqueIdentifier>
    </Filter>
    <Filter Include="Game\Logic">
      <UniqueIdentifier>{a4f6887e-7198-44dd-85d3-edb3d877bd85}</UniqueIdentifier>
    </Filter>
    <Filter Include="Game\Serial">
      <UniqueIdentifier>{032343f5-548c-48ab-bda0-6732ac598b86}</UniqueIdentifier>
    </Filter>
    <Filter Include="Renderer\UI">
      <UniqueIdentifier>{6a5a1940-06dc-40d3-ab11-1d32428ce2ea}</UniqueIdentifier>
    </Filter>
    <Filter Include="Lua">
      <UniqueIdentifier>{b833578e-0c6d-46f3-baf9-226db691cfa7}</UniqueIdentifier>
    </Filter>
    <Filter Include="Game\Logic\User IO Controllers">
      <UniqueIdentifier>{d9c04c5c-c591-4522-af49-e80a906e11d5}</UniqueIdentifier>
    </Filter>
    <Filter Include="States">
      <UniqueIdentifier>{5a7c42d5-94e7-46ca-8b9a-a764b41e8cbf}</UniqueIdentifier>
    </Filter>
    <Filter Include="Game\Logic\User IO Controllers\Components">
      <UniqueIdentifier>{37b63987-1c2a-4bdc-9575-183f242488b5}</UniqueIdentifier>
    </Filter>
    <Filter Include="Game\Logic\User IO Controllers\User Interactables">
      <UniqueIdentifier>{8bbe463e-cbf1-4043-8d1f-60171411fb3b}</UniqueIdentifier>
    </Filter>
    <Filter Include="Game\Logic\User IO Controllers\User Interactables\Invisible">
      <UniqueIdentifier>{dce41069-60c7-47d3-bbde-47494c2ab35b}</UniqueIdentifier>
    </Filter>
    <Filter Include="Game\Logic\User IO Controllers\User Interactables\Visible">
      <UniqueIdentifier>{f45cee8f-5da2-4df6-8c38-25b69a355aa0}</UniqueIdentifier>
    </Filter>
    <Filter Include="Game\Logic\User IO Controllers\Constructers">
      <UniqueIdentifier>{22ec3228-e39b-4532-a771-59e42dd763c7}</UniqueIdentifier>
    </Filter>
  </ItemGroup>
  <ItemGroup>
    <ClCompile Include="BufferWrappers.cpp">
      <Filter>GLWrappers</Filter>
    </ClCompile>
    <ClCompile Include="Locator.cpp">
      <Filter>Memory\Util</Filter>
    </ClCompile>
    <ClCompile Include="ModelLoader.cpp">
      <Filter>Memory\Loaders</Filter>
    </ClCompile>
    <ClCompile Include="TextureLoader.cpp">
      <Filter>Memory\Loaders</Filter>
    </ClCompile>
    <ClCompile Include="ShaderLoader.cpp">
      <Filter>Memory\Loaders</Filter>
    </ClCompile>
    <ClCompile Include="ModelStore.cpp">
      <Filter>Memory\Data\Stores</Filter>
    </ClCompile>
    <ClCompile Include="TextureStore.cpp">
      <Filter>Memory\Data\Stores</Filter>
    </ClCompile>
    <ClCompile Include="TextureResource.cpp">
      <Filter>Memory\Data\Resources</Filter>
    </ClCompile>
    <ClCompile Include="ModelResource.cpp">
      <Filter>Memory\Data\Resources</Filter>
    </ClCompile>
    <ClCompile Include="PathManager.cpp">
      <Filter>Memory</Filter>
    </ClCompile>
    <ClCompile Include="vboindexer.cpp">
      <Filter>Memory\Loaders</Filter>
    </ClCompile>
    <ClCompile Include="StaticWorldRenderer.cpp">
      <Filter>Renderer</Filter>
    </ClCompile>
    <ClCompile Include="Option.cpp">
      <Filter>Memory\Options</Filter>
    </ClCompile>
    <ClCompile Include="IOwrapped.cpp">
      <Filter>Memory\Util</Filter>
    </ClCompile>
    <ClCompile Include="Renderer.cpp">
      <Filter>Renderer</Filter>
    </ClCompile>
    <ClCompile Include="StaticWorld.cpp">
      <Filter>Game\StaticWorld</Filter>
    </ClCompile>
    <ClCompile Include="StaticWorldChunk.cpp">
      <Filter>Game\StaticWorld</Filter>
    </ClCompile>
    <ClCompile Include="Block.cpp">
      <Filter>Game\StaticWorld</Filter>
    </ClCompile>
    <ClCompile Include="PerlinNoise.cpp">
      <Filter>Misc</Filter>
    </ClCompile>
    <ClCompile Include="StaticWorldRenderInfo.cpp">
      <Filter>Renderer\RenderInfo</Filter>
    </ClCompile>
    <ClCompile Include="DebugRenderer.cpp">
      <Filter>Renderer</Filter>
    </ClCompile>
    <ClCompile Include="DebugRenderInfo.cpp">
      <Filter>Renderer\RenderInfo</Filter>
    </ClCompile>
    <ClCompile Include="GLEnableWrapper.cpp">
      <Filter>GLWrappers</Filter>
    </ClCompile>
    <ClCompile Include="Activity.cpp">
      <Filter>Game\StaticWorld\Activities\Game Objects</Filter>
    </ClCompile>
    <ClCompile Include="Anchor.cpp">
      <Filter>Game\StaticWorld\Activities\Game Objects</Filter>
    </ClCompile>
    <ClCompile Include="Platform.cpp">
      <Filter>Game\StaticWorld\Activities\Game Objects</Filter>
    </ClCompile>
    <ClCompile Include="ActivityIgnoringGroup.cpp">
      <Filter>Game\StaticWorld\Activities\Utils</Filter>
    </ClCompile>
    <ClCompile Include="ActivityLoaderHelper.cpp">
      <Filter>Game\StaticWorld\Activities\Utils</Filter>
    </ClCompile>
    <ClCompile Include="ActivityPaceHandler.cpp">
      <Filter>Game\StaticWorld\Activities\Utils</Filter>
    </ClCompile>
    <ClCompile Include="ActivitySaverHelper.cpp">
      <Filter>Game\StaticWorld\Activities\Utils</Filter>
    </ClCompile>
    <ClCompile Include="Saver.cpp">
      <Filter>Game\Serial</Filter>
    </ClCompile>
    <ClCompile Include="Loader.cpp">
      <Filter>Game\Serial</Filter>
    </ClCompile>
    <ClCompile Include="ResourceManagerModel.cpp">
      <Filter>Memory\Data\Managers\Models</Filter>
    </ClCompile>
    <ClCompile Include="ResourceManagerTexture.cpp">
      <Filter>Memory\Data\Managers\Textures</Filter>
    </ClCompile>
    <ClCompile Include="ReferenceManager.cpp">
      <Filter>Memory\Data\Managers\Game object references</Filter>
    </ClCompile>
    <ClCompile Include="BlockIDTextures.cpp">
      <Filter>Memory</Filter>
    </ClCompile>
    <ClCompile Include="Main.cpp">
      <Filter>Program Control</Filter>
    </ClCompile>
    <ClCompile Include="GameLogic.cpp">
      <Filter>Game\Logic</Filter>
    </ClCompile>
    <ClCompile Include="Linker.cpp">
      <Filter>Game\StaticWorld\Activities\Utils</Filter>
    </ClCompile>
    <ClCompile Include="Piston.cpp">
      <Filter>Game\StaticWorld\Activities\Game Objects</Filter>
    </ClCompile>
    <ClCompile Include="Grouper.cpp">
      <Filter>Game\StaticWorld\Activities\Game Objects</Filter>
    </ClCompile>
    <ClCompile Include="SingleBlockActivity.cpp">
      <Filter>Game\StaticWorld\Activities\Game Objects</Filter>
    </ClCompile>
    <ClCompile Include="TextRenderer.cpp">
      <Filter>Renderer\UI</Filter>
    </ClCompile>
    <ClCompile Include="TextRenderInfo.cpp">
      <Filter>Renderer\RenderInfo</Filter>
    </ClCompile>
    <ClCompile Include="Activator.cpp">
      <Filter>Game\StaticWorld\Activities\Game Objects</Filter>
    </ClCompile>
    <ClCompile Include="SelectionRenderInfo.cpp">
      <Filter>Renderer\RenderInfo</Filter>
    </ClCompile>
    <ClCompile Include="SelectionHighlightRenderer.cpp">
      <Filter>Renderer</Filter>
    </ClCompile>
    <ClCompile Include="UIbackgroundRenderer.cpp">
      <Filter>Renderer</Filter>
    </ClCompile>
    <ClCompile Include="InitManagers.cpp">
      <Filter>Program Control\Inits</Filter>
    </ClCompile>
    <ClCompile Include="UIRenderInfo.cpp">
      <Filter>Renderer\RenderInfo</Filter>
    </ClCompile>
    <ClCompile Include="Bam.cpp" />
    <ClCompile Include="RailCrane.cpp">
      <Filter>Game\StaticWorld\Activities\Game Objects</Filter>
    </ClCompile>
    <ClCompile Include="ActivityLuaTest.cpp">
      <Filter>Lua</Filter>
    </ClCompile>
    <ClCompile Include="UIOSizeType.cpp">
      <Filter>Game\Logic\User IO Controllers</Filter>
    </ClCompile>
    <ClCompile Include="UIOCallBackParams.cpp">
      <Filter>Game\Logic\User IO Controllers</Filter>
    </ClCompile>
    <ClCompile Include="Player.cpp">
      <Filter>States</Filter>
    </ClCompile>
    <ClCompile Include="State.cpp">
      <Filter>States</Filter>
    </ClCompile>
    <ClCompile Include="UIState.cpp">
      <Filter>States</Filter>
    </ClCompile>
    <ClCompile Include="GameState.cpp">
      <Filter>States</Filter>
    </ClCompile>
    <ClCompile Include="ControlState.cpp">
      <Filter>States</Filter>
    </ClCompile>
    <ClCompile Include="Fonts.cpp">
      <Filter>Renderer\UI</Filter>
    </ClCompile>
    <ClCompile Include="BlitRenderer.cpp">
      <Filter>Renderer</Filter>
    </ClCompile>
    <ClCompile Include="PassThroughRenderer.cpp">
      <Filter>Renderer</Filter>
    </ClCompile>
    <ClCompile Include="Rectangle.cpp">
      <Filter>Misc</Filter>
    </ClCompile>
    <ClCompile Include="ActivitySelector.cpp">
      <Filter>Game\StaticWorld\Activities\Utils</Filter>
    </ClCompile>
    <ClCompile Include="Log.cpp">
      <Filter>Misc</Filter>
    </ClCompile>
    <ClCompile Include="UIOActivityLinker.cpp">
      <Filter>Game\Logic\User IO Controllers\User Interactables\Invisible</Filter>
    </ClCompile>
    <ClCompile Include="UIOActivitySelector.cpp">
      <Filter>Game\Logic\User IO Controllers\User Interactables\Invisible</Filter>
    </ClCompile>
    <ClCompile Include="UIOBase.cpp">
      <Filter>Game\Logic\User IO Controllers\Components</Filter>
    </ClCompile>
    <ClCompile Include="UIOButton.cpp">
      <Filter>Game\Logic\User IO Controllers\User Interactables\Visible</Filter>
    </ClCompile>
    <ClCompile Include="UIOFreeSize.cpp">
      <Filter>Game\Logic\User IO Controllers\Components</Filter>
    </ClCompile>
    <ClCompile Include="UIOHotbar.cpp">
      <Filter>Game\Logic\User IO Controllers\User Interactables\Visible</Filter>
    </ClCompile>
    <ClCompile Include="UIOConstrainSize.cpp">
      <Filter>Game\Logic\User IO Controllers\Components</Filter>
    </ClCompile>
    <ClCompile Include="UIOInvisible.cpp">
      <Filter>Game\Logic\User IO Controllers\Components</Filter>
    </ClCompile>
    <ClCompile Include="UIOPad.cpp">
      <Filter>Game\Logic\User IO Controllers\Components</Filter>
    </ClCompile>
    <ClCompile Include="UIOProxy.cpp">
      <Filter>Game\Logic\User IO Controllers\Components</Filter>
    </ClCompile>
    <ClCompile Include="UIOShell.cpp">
      <Filter>Game\Logic\User IO Controllers\Components</Filter>
    </ClCompile>
    <ClCompile Include="UIOTextDisplay.cpp">
      <Filter>Game\Logic\User IO Controllers\User Interactables\Visible</Filter>
    </ClCompile>
    <ClCompile Include="UIOWindow.cpp">
      <Filter>Game\Logic\User IO Controllers\User Interactables\Visible</Filter>
    </ClCompile>
    <ClCompile Include="UIOGrid.cpp">
      <Filter>Game\Logic\User IO Controllers\Components</Filter>
    </ClCompile>
    <ClCompile Include="UIOList.cpp">
      <Filter>Game\Logic\User IO Controllers\Components</Filter>
    </ClCompile>
    <ClCompile Include="UIOEmpty.cpp">
      <Filter>Game\Logic\User IO Controllers\Components</Filter>
    </ClCompile>
    <ClCompile Include="Timer.cpp">
      <Filter>Misc</Filter>
    </ClCompile>
    <ClCompile Include="UIOColoredBackground.cpp">
      <Filter>Game\Logic\User IO Controllers\Components</Filter>
    </ClCompile>
    <ClCompile Include="UIOConstructer.cpp">
      <Filter>Game\Logic\User IO Controllers\Constructers</Filter>
    </ClCompile>
    <ClCompile Include="Colors.cpp">
      <Filter>Misc</Filter>
    </ClCompile>
    <ClCompile Include="UIOTextConstructers.cpp">
      <Filter>Game\Logic\User IO Controllers\Constructers</Filter>
    </ClCompile>
    <ClCompile Include="UIOBinds.cpp">
      <Filter>Game\Logic\User IO Controllers</Filter>
    </ClCompile>
    <ClCompile Include="RenderLimiter.cpp">
      <Filter>Program Control</Filter>
    </ClCompile>
    <ClCompile Include="TickLimiter.cpp">
      <Filter>Program Control</Filter>
    </ClCompile>
    <ClCompile Include="UIOConstructActivityInterface.cpp">
      <Filter>Game\Logic\User IO Controllers\Constructers</Filter>
    </ClCompile>
    <ClCompile Include="UIOActivityInterface.cpp">
      <Filter>Game\Logic\User IO Controllers\User Interactables\Visible</Filter>
    </ClCompile>
    <ClCompile Include="UIOListSelection.cpp">
      <Filter>Game\Logic\User IO Controllers\Components</Filter>
    </ClCompile>
    <ClCompile Include="StringHelpers.cpp">
      <Filter>Misc</Filter>
    </ClCompile>
    <ClCompile Include="UIOHideable.cpp">
      <Filter>Game\Logic\User IO Controllers\Components</Filter>
    </ClCompile>
    <ClCompile Include="ActivityHelpers.cpp">
      <Filter>Misc</Filter>
    </ClCompile>
    <ClCompile Include="ActivitySpawner.cpp">
      <Filter>Game\StaticWorld\Activities\Utils</Filter>
    </ClCompile>
    <ClCompile Include="UIOConstructLuaInterface.cpp">
      <Filter>Game\Logic\User IO Controllers\Constructers</Filter>
    </ClCompile>
    <ClCompile Include="UIOActivityLuaTest.cpp" />
    <ClCompile Include="UIOLua.cpp" />
    <ClCompile Include="Random.cpp">
      <Filter>Misc</Filter>
    </ClCompile>
    <ClCompile Include="LuaActivity.cpp">
      <Filter>Game\StaticWorld\Activities\Game Objects</Filter>
    </ClCompile>
  </ItemGroup>
  <ItemGroup>
    <ClInclude Include="BufferWrappers.h">
      <Filter>GLWrappers</Filter>
    </ClInclude>
    <ClInclude Include="PathManager.h">
      <Filter>Memory</Filter>
    </ClInclude>
    <ClInclude Include="Locator.h">
      <Filter>Memory\Util</Filter>
    </ClInclude>
    <ClInclude Include="TextureLoader.h">
      <Filter>Memory\Loaders</Filter>
    </ClInclude>
    <ClInclude Include="ModelLoader.h">
      <Filter>Memory\Loaders</Filter>
    </ClInclude>
    <ClInclude Include="ShaderLoader.h">
      <Filter>Memory\Loaders</Filter>
    </ClInclude>
    <ClInclude Include="ModelStore.h">
      <Filter>Memory\Data\Stores</Filter>
    </ClInclude>
    <ClInclude Include="TextureStore.h">
      <Filter>Memory\Data\Stores</Filter>
    </ClInclude>
    <ClInclude Include="TextureResource.h">
      <Filter>Memory\Data\Resources</Filter>
    </ClInclude>
    <ClInclude Include="ModelResource.h">
      <Filter>Memory\Data\Resources</Filter>
    </ClInclude>
    <ClInclude Include="vboindexer.h">
      <Filter>Memory\Loaders</Filter>
    </ClInclude>
    <ClInclude Include="StaticWorldRenderer.h">
      <Filter>Renderer</Filter>
    </ClInclude>
    <ClInclude Include="Option.h">
      <Filter>Memory\Options</Filter>
    </ClInclude>
    <ClInclude Include="IOwrapped.h">
      <Filter>Memory\Util</Filter>
    </ClInclude>
    <ClInclude Include="Renderer.h">
      <Filter>Renderer</Filter>
    </ClInclude>
    <ClInclude Include="StaticWorld.h">
      <Filter>Game\StaticWorld</Filter>
    </ClInclude>
    <ClInclude Include="StaticWorldChunk.h">
      <Filter>Game\StaticWorld</Filter>
    </ClInclude>
    <ClInclude Include="Block.h">
      <Filter>Game\StaticWorld</Filter>
    </ClInclude>
    <ClInclude Include="PerlinNoise.h">
      <Filter>Misc</Filter>
    </ClInclude>
    <ClInclude Include="CameraInfo.h">
      <Filter>Renderer\RenderInfo</Filter>
    </ClInclude>
    <ClInclude Include="RenderInfo.h">
      <Filter>Renderer\RenderInfo</Filter>
    </ClInclude>
    <ClInclude Include="StaticWorldRenderInfo.h">
      <Filter>Renderer\RenderInfo</Filter>
    </ClInclude>
    <ClInclude Include="DebugRenderer.h">
      <Filter>Renderer</Filter>
    </ClInclude>
    <ClInclude Include="DebugRenderInfo.h">
      <Filter>Renderer\RenderInfo</Filter>
    </ClInclude>
    <ClInclude Include="StringHelpers.h">
      <Filter>Misc</Filter>
    </ClInclude>
    <ClInclude Include="CircularArray.h">
      <Filter>Misc</Filter>
    </ClInclude>
    <ClInclude Include="GLEnableWrapper.h">
      <Filter>GLWrappers</Filter>
    </ClInclude>
    <ClInclude Include="Activity.h">
      <Filter>Game\StaticWorld\Activities\Game Objects</Filter>
    </ClInclude>
    <ClInclude Include="Anchor.h">
      <Filter>Game\StaticWorld\Activities\Game Objects</Filter>
    </ClInclude>
    <ClInclude Include="Platform.h">
      <Filter>Game\StaticWorld\Activities\Game Objects</Filter>
    </ClInclude>
    <ClInclude Include="ActivityIgnoringGroup.h">
      <Filter>Game\StaticWorld\Activities\Utils</Filter>
    </ClInclude>
    <ClInclude Include="ActivityLoaderHelper.h">
      <Filter>Game\StaticWorld\Activities\Utils</Filter>
    </ClInclude>
    <ClInclude Include="ActivityPaceHandler.h">
      <Filter>Game\StaticWorld\Activities\Utils</Filter>
    </ClInclude>
    <ClInclude Include="ActivitySaverHelper.h">
      <Filter>Game\StaticWorld\Activities\Utils</Filter>
    </ClInclude>
    <ClInclude Include="Saver.h">
      <Filter>Game\Serial</Filter>
    </ClInclude>
    <ClInclude Include="Loader.h">
      <Filter>Game\Serial</Filter>
    </ClInclude>
    <ClInclude Include="ResourceManagerModel.h">
      <Filter>Memory\Data\Managers\Models</Filter>
    </ClInclude>
    <ClInclude Include="ResourceManagerTexture.h">
      <Filter>Memory\Data\Managers\Textures</Filter>
    </ClInclude>
    <ClInclude Include="ReferenceManager.h">
      <Filter>Memory\Data\Managers\Game object references</Filter>
    </ClInclude>
    <ClInclude Include="BlockIDTextures.h">
      <Filter>Memory</Filter>
    </ClInclude>
    <ClInclude Include="Main.h">
      <Filter>Program Control</Filter>
    </ClInclude>
    <ClInclude Include="GameLogic.h">
      <Filter>Game\Logic</Filter>
    </ClInclude>
    <ClInclude Include="Linker.h">
      <Filter>Game\StaticWorld\Activities\Utils</Filter>
    </ClInclude>
    <ClInclude Include="Piston.h">
      <Filter>Game\StaticWorld\Activities\Game Objects</Filter>
    </ClInclude>
    <ClInclude Include="Grouper.h">
      <Filter>Game\StaticWorld\Activities\Game Objects</Filter>
    </ClInclude>
    <ClInclude Include="SingleBlockActivity.h">
      <Filter>Game\StaticWorld\Activities\Game Objects</Filter>
    </ClInclude>
    <ClInclude Include="TextRenderer.h">
      <Filter>Renderer\UI</Filter>
    </ClInclude>
    <ClInclude Include="TextRenderInfo.h">
      <Filter>Renderer\RenderInfo</Filter>
    </ClInclude>
    <ClInclude Include="Activator.h">
      <Filter>Game\StaticWorld\Activities\Game Objects</Filter>
    </ClInclude>
    <ClInclude Include="SelectionRenderInfo.h">
      <Filter>Renderer\RenderInfo</Filter>
    </ClInclude>
    <ClInclude Include="SelectionHighlightRenderer.h">
      <Filter>Renderer</Filter>
    </ClInclude>
    <ClInclude Include="UIbackgroundRenderer.h">
      <Filter>Renderer</Filter>
    </ClInclude>
    <ClInclude Include="InitManagers.h">
      <Filter>Program Control\Inits</Filter>
    </ClInclude>
    <ClInclude Include="UIRenderInfo.h">
      <Filter>Renderer\RenderInfo</Filter>
    </ClInclude>
    <ClInclude Include="common.h" />
    <ClInclude Include="RailCrane.h">
      <Filter>Game\StaticWorld\Activities\Game Objects</Filter>
    </ClInclude>
    <ClInclude Include="ActivityLuaTest.h">
      <Filter>Lua</Filter>
    </ClInclude>
    <ClInclude Include="UIOSizeType.h">
      <Filter>Game\Logic\User IO Controllers</Filter>
    </ClInclude>
    <ClInclude Include="UIOCallBackParams.h">
      <Filter>Game\Logic\User IO Controllers</Filter>
    </ClInclude>
    <ClInclude Include="Player.h">
      <Filter>States</Filter>
    </ClInclude>
    <ClInclude Include="UIState.h">
      <Filter>States</Filter>
    </ClInclude>
    <ClInclude Include="State.h">
      <Filter>States</Filter>
    </ClInclude>
    <ClInclude Include="GameState.h">
      <Filter>States</Filter>
    </ClInclude>
    <ClInclude Include="ControlState.h">
      <Filter>States</Filter>
    </ClInclude>
    <ClInclude Include="Fonts.h">
      <Filter>Renderer\UI</Filter>
    </ClInclude>
    <ClInclude Include="BlitRenderer.h">
      <Filter>Renderer</Filter>
    </ClInclude>
    <ClInclude Include="PassThroughRenderer.h">
      <Filter>Renderer</Filter>
    </ClInclude>
    <ClInclude Include="Rectangle.h">
      <Filter>Misc</Filter>
    </ClInclude>
    <ClInclude Include="ActivitySelector.h">
      <Filter>Game\StaticWorld\Activities\Utils</Filter>
    </ClInclude>
    <ClInclude Include="Log.h">
      <Filter>Misc</Filter>
    </ClInclude>
    <ClInclude Include="UIOActivityLinker.h">
      <Filter>Game\Logic\User IO Controllers\User Interactables\Invisible</Filter>
    </ClInclude>
    <ClInclude Include="UIOActivitySelector.h">
      <Filter>Game\Logic\User IO Controllers\User Interactables\Invisible</Filter>
    </ClInclude>
    <ClInclude Include="UIOBase.h">
      <Filter>Game\Logic\User IO Controllers\Components</Filter>
    </ClInclude>
    <ClInclude Include="UIOButton.h">
      <Filter>Game\Logic\User IO Controllers\User Interactables\Visible</Filter>
    </ClInclude>
    <ClInclude Include="UIOFreeSize.h">
      <Filter>Game\Logic\User IO Controllers\Components</Filter>
    </ClInclude>
    <ClInclude Include="UIOHotbar.h">
      <Filter>Game\Logic\User IO Controllers\User Interactables\Visible</Filter>
    </ClInclude>
    <ClInclude Include="UIOConstrainSize.h">
      <Filter>Game\Logic\User IO Controllers\Components</Filter>
    </ClInclude>
    <ClInclude Include="UIOInvisible.h">
      <Filter>Game\Logic\User IO Controllers\Components</Filter>
    </ClInclude>
    <ClInclude Include="UIOPad.h">
      <Filter>Game\Logic\User IO Controllers\Components</Filter>
    </ClInclude>
    <ClInclude Include="UIOProxy.h">
      <Filter>Game\Logic\User IO Controllers\Components</Filter>
    </ClInclude>
    <ClInclude Include="UIOShell.h">
      <Filter>Game\Logic\User IO Controllers\Components</Filter>
    </ClInclude>
    <ClInclude Include="UIOTextDisplay.h">
      <Filter>Game\Logic\User IO Controllers\User Interactables\Visible</Filter>
    </ClInclude>
    <ClInclude Include="UIOWindow.h">
      <Filter>Game\Logic\User IO Controllers\User Interactables\Visible</Filter>
    </ClInclude>
    <ClInclude Include="UIOGrid.h">
      <Filter>Game\Logic\User IO Controllers\Components</Filter>
    </ClInclude>
    <ClInclude Include="UIOList.h">
      <Filter>Game\Logic\User IO Controllers\Components</Filter>
    </ClInclude>
    <ClInclude Include="UIOEmpty.h">
      <Filter>Game\Logic\User IO Controllers\Components</Filter>
    </ClInclude>
    <ClInclude Include="Timer.h">
      <Filter>Misc</Filter>
    </ClInclude>
    <ClInclude Include="PeriodAverage.h">
      <Filter>Misc</Filter>
    </ClInclude>
    <ClInclude Include="UIOColoredBackground.h">
      <Filter>Game\Logic\User IO Controllers\Components</Filter>
    </ClInclude>
    <ClInclude Include="UIOConstructer.h">
      <Filter>Game\Logic\User IO Controllers\Constructers</Filter>
    </ClInclude>
    <ClInclude Include="Colors.h">
      <Filter>Misc</Filter>
    </ClInclude>
    <ClInclude Include="UIOTextConstructers.h">
      <Filter>Game\Logic\User IO Controllers\Constructers</Filter>
    </ClInclude>
    <ClInclude Include="UIOBinds.h">
      <Filter>Game\Logic\User IO Controllers</Filter>
    </ClInclude>
    <ClInclude Include="RenderLimiter.h">
      <Filter>Program Control</Filter>
    </ClInclude>
    <ClInclude Include="TickLimiter.h">
      <Filter>Program Control</Filter>
    </ClInclude>
    <ClInclude Include="UIOConstructActivityInterface.h">
      <Filter>Game\Logic\User IO Controllers\Constructers</Filter>
    </ClInclude>
    <ClInclude Include="UIOActivityInterface.h">
      <Filter>Game\Logic\User IO Controllers\User Interactables\Visible</Filter>
    </ClInclude>
    <ClInclude Include="UIOListSelection.h">
      <Filter>Game\Logic\User IO Controllers\Components</Filter>
    </ClInclude>
    <ClInclude Include="UIOHideable.h">
      <Filter>Game\Logic\User IO Controllers\Components</Filter>
    </ClInclude>
    <ClInclude Include="ActivityHelpers.h">
      <Filter>Misc</Filter>
    </ClInclude>
    <ClInclude Include="ActivitySpawner.h">
      <Filter>Game\StaticWorld\Activities\Utils</Filter>
    </ClInclude>
    <ClInclude Include="UIOConstructLuaInterface.h">
      <Filter>Game\Logic\User IO Controllers\Constructers</Filter>
    </ClInclude>
    <ClInclude Include="UIOActivityLuaTest.h" />
    <ClInclude Include="UIOLua.h" />
    <ClInclude Include="Random.h">
      <Filter>Misc</Filter>
    </ClInclude>
    <ClInclude Include="LuaActivity.h">
      <Filter>Game\StaticWorld\Activities\Game Objects</Filter>
    </ClInclude>
  </ItemGroup>
  <ItemGroup>
    <None Include="DebugLine.frag">
      <Filter>Renderer\Shaders</Filter>
    </None>
    <None Include="DebugLine.vert">
      <Filter>Renderer\Shaders</Filter>
    </None>
    <None Include="PassthroughArray.frag">
      <Filter>Renderer\Shaders</Filter>
    </None>
    <None Include="PassthroughArray.vert">
      <Filter>Renderer\Shaders</Filter>
    </None>
    <None Include="StaticWorldShader.frag">
      <Filter>Renderer\Shaders</Filter>
    </None>
    <None Include="StaticWorldShader.vert">
      <Filter>Renderer\Shaders</Filter>
    </None>
    <None Include="HighlightShader.frag">
      <Filter>Renderer\Shaders</Filter>
    </None>
    <None Include="HighlightShader.vert">
      <Filter>Renderer\Shaders</Filter>
    </None>
    <None Include="UIbg.frag">
      <Filter>Renderer\Shaders</Filter>
    </None>
    <None Include="UIbg.vert">
      <Filter>Renderer\Shaders</Filter>
    </None>
    <None Include="cpp.hint" />
    <None Include="Passthrough.frag">
      <Filter>Renderer\Shaders</Filter>
    </None>
    <None Include="Passthrough.vert">
      <Filter>Renderer\Shaders</Filter>
    </None>
    <None Include="Blit.frag">
      <Filter>Renderer\Shaders</Filter>
    </None>
    <None Include="Blit.vert">
      <Filter>Renderer\Shaders</Filter>
    </None>
  </ItemGroup>
</Project>